
Microsoft Visual Studio Solution File, Format Version 12.00
# Visual Studio Version 17
VisualStudioVersion = 17.13.35806.99 d17.13
MinimumVisualStudioVersion = 10.0.40219.1
Project("{FAE04EC0-301F-11D3-BF4B-00C04F79EFBC}") = "ApiPiaget", "ApiPiaget\ApiPiaget.csproj", "{B181D085-B58B-430D-8401-275D942F250D}"
EndProject
Global
	GlobalSection(SolutionConfigurationPlatforms) = preSolution
		Debug|Any CPU = Debug|Any CPU
		Release|Any CPU = Release|Any CPU
	EndGlobalSection
	GlobalSection(ProjectConfigurationPlatforms) = postSolution
		{B181D085-B58B-430D-8401-275D942F250D}.Debug|Any CPU.ActiveCfg = Debug|Any CPU
		{B181D085-B58B-430D-8401-275D942F250D}.Debug|Any CPU.Build.0 = Debug|Any CPU
		{B181D085-B58B-430D-8401-275D942F250D}.Release|Any CPU.ActiveCfg = Release|Any CPU
		{B181D085-B58B-430D-8401-275D942F250D}.Release|Any CPU.Build.0 = Release|Any CPU
	EndGlobalSection
	GlobalSection(SolutionProperties) = preSolution
		HideSolutionNode = FALSE
	EndGlobalSection
	GlobalSection(ExtensibilityGlobals) = postSolution
		SolutionGuid = {B1ED4CD7-D20D-4AFA-937F-DED6030B9BD3}
	EndGlobalSection
EndGlobal
